
Microsoft Visual Studio Solution File, Format Version 12.00
# Visual Studio Version 17
VisualStudioVersion = 17.5.002.0
MinimumVisualStudioVersion = 10.0.40219.1
Project("{9A19103F-16F7-4668-BE54-9A1E7A4F7556}") = "Ossom", "Ossom.csproj", "{06B0F53C-BF04-4824-949E-BFDCA3343044}"
EndProject
Global
	GlobalSection(SolutionConfigurationPlatforms) = preSolution
		Debug|Any CPU = Debug|Any CPU
		Release|Any CPU = Release|Any CPU
	EndGlobalSection
	GlobalSection(ProjectConfigurationPlatforms) = postSolution
		{06B0F53C-BF04-4824-949E-BFDCA3343044}.Debug|Any CPU.ActiveCfg = Debug|Any CPU
		{06B0F53C-BF04-4824-949E-BFDCA3343044}.Debug|Any CPU.Build.0 = Debug|Any CPU
		{06B0F53C-BF04-4824-949E-BFDCA3343044}.Release|Any CPU.ActiveCfg = Release|Any CPU
		{06B0F53C-BF04-4824-949E-BFDCA3343044}.Release|Any CPU.Build.0 = Release|Any CPU
	EndGlobalSection
	GlobalSection(SolutionProperties) = preSolution
		HideSolutionNode = FALSE
	EndGlobalSection
	GlobalSection(ExtensibilityGlobals) = postSolution
		SolutionGuid = {99573B4D-BDF6-4ADF-B0D6-3315C5646A97}
	EndGlobalSection
EndGlobal
